
Microsoft Visual Studio Solution File, Format Version 11.00
# Visual Studio 2010
Project("{FAE04EC0-301F-11D3-BF4B-00C04F79EFBC}") = "January Rebirth", "Assembly-CSharp.csproj", "{2F2A18CC-56FF-0810-3F1A-D0E08B644900}"
EndProject
Global
	GlobalSection(SolutionConfigurationPlatforms) = preSolution
		Debug|Any CPU = Debug|Any CPU
		Release|Any CPU = Release|Any CPU
	EndGlobalSection
	GlobalSection(ProjectConfigurationPlatforms) = postSolution
		{2F2A18CC-56FF-0810-3F1A-D0E08B644900}.Debug|Any CPU.ActiveCfg = Debug|Any CPU
		{2F2A18CC-56FF-0810-3F1A-D0E08B644900}.Debug|Any CPU.Build.0 = Debug|Any CPU
		{2F2A18CC-56FF-0810-3F1A-D0E08B644900}.Release|Any CPU.ActiveCfg = Release|Any CPU
		{2F2A18CC-56FF-0810-3F1A-D0E08B644900}.Release|Any CPU.Build.0 = Release|Any CPU
	EndGlobalSection
	GlobalSection(SolutionProperties) = preSolution
		HideSolutionNode = FALSE
	EndGlobalSection
	GlobalSection(MonoDevelopProperties) = preSolution
		StartupItem = Assembly-CSharp.csproj
	EndGlobalSection
EndGlobal
